
Microsoft Visual Studio Solution File, Format Version 12.00
# Visual Studio Version 17
VisualStudioVersion = 17.9.34622.214
MinimumVisualStudioVersion = 10.0.40219.1
Project("{2150E333-8FDC-42A3-9474-1A3956D46DE8}") = "APIMicroServices", "APIMicroServices", "{ED62047F-02A6-4D76-A206-8510B42F4D8A}"
EndProject
Project("{2150E333-8FDC-42A3-9474-1A3956D46DE8}") = "Common", "Common", "{056CEDCA-6E6A-4B84-B044-7859B71397C4}"
EndProject
Project("{9A19103F-16F7-4668-BE54-9A1E7A4F7556}") = "Coling.Shared", "Coling.Shared\Coling.Shared.csproj", "{48DB07BD-BB84-47EE-948E-E7934B70A225}"
EndProject
Project("{2150E333-8FDC-42A3-9474-1A3956D46DE8}") = "Maui", "Maui", "{BFBF8158-434D-42AC-90E3-A7D5FE80E2E1}"
EndProject
Project("{9A19103F-16F7-4668-BE54-9A1E7A4F7556}") = "ColingVista", "ColingVista\ColingVista.csproj", "{AFBAABE3-0DED-45B0-9454-F32C9C595C81}"
EndProject
Project("{FAE04EC0-301F-11D3-BF4B-00C04F79EFBC}") = "Coling.APPI.afiliado", "Coling.APPI.afiliado\Coling.APPI.afiliado.csproj", "{15D46FEB-22A3-47F7-933E-61DFFD82F6D0}"
EndProject
Project("{FAE04EC0-301F-11D3-BF4B-00C04F79EFBC}") = "Coling.APPI.bolsitatrabajo", "Coling.APPI.bolsitatrabajo\Coling.APPI.bolsitatrabajo.csproj", "{1353AF00-9562-452F-B6FF-3573BF729254}"
EndProject
Project("{FAE04EC0-301F-11D3-BF4B-00C04F79EFBC}") = "Coling.APPI.curriculum", "Coling.APPI.curriculum\Coling.APPI.curriculum.csproj", "{32E1C8F1-17F9-4E18-AACC-BB59846D6FEB}"
EndProject
Global
	GlobalSection(SolutionConfigurationPlatforms) = preSolution
		Debug|Any CPU = Debug|Any CPU
		Release|Any CPU = Release|Any CPU
	EndGlobalSection
	GlobalSection(ProjectConfigurationPlatforms) = postSolution
		{48DB07BD-BB84-47EE-948E-E7934B70A225}.Debug|Any CPU.ActiveCfg = Debug|Any CPU
		{48DB07BD-BB84-47EE-948E-E7934B70A225}.Debug|Any CPU.Build.0 = Debug|Any CPU
		{48DB07BD-BB84-47EE-948E-E7934B70A225}.Release|Any CPU.ActiveCfg = Release|Any CPU
		{48DB07BD-BB84-47EE-948E-E7934B70A225}.Release|Any CPU.Build.0 = Release|Any CPU
		{AFBAABE3-0DED-45B0-9454-F32C9C595C81}.Debug|Any CPU.ActiveCfg = Debug|Any CPU
		{AFBAABE3-0DED-45B0-9454-F32C9C595C81}.Debug|Any CPU.Build.0 = Debug|Any CPU
		{AFBAABE3-0DED-45B0-9454-F32C9C595C81}.Debug|Any CPU.Deploy.0 = Debug|Any CPU
		{AFBAABE3-0DED-45B0-9454-F32C9C595C81}.Release|Any CPU.ActiveCfg = Release|Any CPU
		{AFBAABE3-0DED-45B0-9454-F32C9C595C81}.Release|Any CPU.Build.0 = Release|Any CPU
		{AFBAABE3-0DED-45B0-9454-F32C9C595C81}.Release|Any CPU.Deploy.0 = Release|Any CPU
		{15D46FEB-22A3-47F7-933E-61DFFD82F6D0}.Debug|Any CPU.ActiveCfg = Debug|Any CPU
		{15D46FEB-22A3-47F7-933E-61DFFD82F6D0}.Debug|Any CPU.Build.0 = Debug|Any CPU
		{15D46FEB-22A3-47F7-933E-61DFFD82F6D0}.Release|Any CPU.ActiveCfg = Release|Any CPU
		{15D46FEB-22A3-47F7-933E-61DFFD82F6D0}.Release|Any CPU.Build.0 = Release|Any CPU
		{1353AF00-9562-452F-B6FF-3573BF729254}.Debug|Any CPU.ActiveCfg = Debug|Any CPU
		{1353AF00-9562-452F-B6FF-3573BF729254}.Debug|Any CPU.Build.0 = Debug|Any CPU
		{1353AF00-9562-452F-B6FF-3573BF729254}.Release|Any CPU.ActiveCfg = Release|Any CPU
		{1353AF00-9562-452F-B6FF-3573BF729254}.Release|Any CPU.Build.0 = Release|Any CPU
		{32E1C8F1-17F9-4E18-AACC-BB59846D6FEB}.Debug|Any CPU.ActiveCfg = Debug|Any CPU
		{32E1C8F1-17F9-4E18-AACC-BB59846D6FEB}.Debug|Any CPU.Build.0 = Debug|Any CPU
		{32E1C8F1-17F9-4E18-AACC-BB59846D6FEB}.Release|Any CPU.ActiveCfg = Release|Any CPU
		{32E1C8F1-17F9-4E18-AACC-BB59846D6FEB}.Release|Any CPU.Build.0 = Release|Any CPU
	EndGlobalSection
	GlobalSection(SolutionProperties) = preSolution
		HideSolutionNode = FALSE
	EndGlobalSection
	GlobalSection(NestedProjects) = preSolution
		{48DB07BD-BB84-47EE-948E-E7934B70A225} = {056CEDCA-6E6A-4B84-B044-7859B71397C4}
		{AFBAABE3-0DED-45B0-9454-F32C9C595C81} = {BFBF8158-434D-42AC-90E3-A7D5FE80E2E1}
		{15D46FEB-22A3-47F7-933E-61DFFD82F6D0} = {ED62047F-02A6-4D76-A206-8510B42F4D8A}
		{1353AF00-9562-452F-B6FF-3573BF729254} = {ED62047F-02A6-4D76-A206-8510B42F4D8A}
		{32E1C8F1-17F9-4E18-AACC-BB59846D6FEB} = {ED62047F-02A6-4D76-A206-8510B42F4D8A}
	EndGlobalSection
	GlobalSection(ExtensibilityGlobals) = postSolution
		SolutionGuid = {B707BDD2-9B05-4344-A086-D14B2109C785}
	EndGlobalSection
EndGlobal
