
Microsoft Visual Studio Solution File, Format Version 12.00
# Visual Studio Version 17
VisualStudioVersion = 17.8.34330.188
MinimumVisualStudioVersion = 10.0.40219.1
Project("{FAE04EC0-301F-11D3-BF4B-00C04F79EFBC}") = "Coling.API.Afiliados", "Coling.API\Coling.API.Afiliados.csproj", "{3F7DA0DE-4653-4E0B-BB7C-C4ADCF5EF654}"
EndProject
Project("{FAE04EC0-301F-11D3-BF4B-00C04F79EFBC}") = "Coling.API.Curriculum", "Coling.API.Curriculum\Coling.API.Curriculum.csproj", "{1FF7520A-0638-442C-95AE-B2080FCD28BC}"
EndProject
Project("{FAE04EC0-301F-11D3-BF4B-00C04F79EFBC}") = "Coling.API.Bolsatrabajo", "Coling.API.Bolsatrabajo\Coling.API.Bolsatrabajo.csproj", "{0B4609D4-C912-4437-A628-7E3C1AD2FFB0}"
EndProject
Project("{2150E333-8FDC-42A3-9474-1A3956D46DE8}") = "APIMicroservices", "APIMicroservices", "{37F7B39F-1549-4978-B434-9DA89287CBC5}"
EndProject
Project("{2150E333-8FDC-42A3-9474-1A3956D46DE8}") = "Common", "Common", "{6FE2F173-CDA8-4E63-837A-676B992C7B69}"
EndProject
Project("{FAE04EC0-301F-11D3-BF4B-00C04F79EFBC}") = "Coling.Shared", "Coling.Shared\Coling.Shared.csproj", "{9079A507-2CA6-45B4-AE68-1F5F4BC1261B}"
EndProject
Project("{2150E333-8FDC-42A3-9474-1A3956D46DE8}") = "Multiplataforma", "Multiplataforma", "{F245F491-F54A-45A9-92A8-5940457B1DDA}"
EndProject
Global
	GlobalSection(SolutionConfigurationPlatforms) = preSolution
		Debug|Any CPU = Debug|Any CPU
		Release|Any CPU = Release|Any CPU
	EndGlobalSection
	GlobalSection(ProjectConfigurationPlatforms) = postSolution
		{3F7DA0DE-4653-4E0B-BB7C-C4ADCF5EF654}.Debug|Any CPU.ActiveCfg = Debug|Any CPU
		{3F7DA0DE-4653-4E0B-BB7C-C4ADCF5EF654}.Debug|Any CPU.Build.0 = Debug|Any CPU
		{3F7DA0DE-4653-4E0B-BB7C-C4ADCF5EF654}.Release|Any CPU.ActiveCfg = Release|Any CPU
		{3F7DA0DE-4653-4E0B-BB7C-C4ADCF5EF654}.Release|Any CPU.Build.0 = Release|Any CPU
		{1FF7520A-0638-442C-95AE-B2080FCD28BC}.Debug|Any CPU.ActiveCfg = Debug|Any CPU
		{1FF7520A-0638-442C-95AE-B2080FCD28BC}.Debug|Any CPU.Build.0 = Debug|Any CPU
		{1FF7520A-0638-442C-95AE-B2080FCD28BC}.Release|Any CPU.ActiveCfg = Release|Any CPU
		{1FF7520A-0638-442C-95AE-B2080FCD28BC}.Release|Any CPU.Build.0 = Release|Any CPU
		{0B4609D4-C912-4437-A628-7E3C1AD2FFB0}.Debug|Any CPU.ActiveCfg = Debug|Any CPU
		{0B4609D4-C912-4437-A628-7E3C1AD2FFB0}.Debug|Any CPU.Build.0 = Debug|Any CPU
		{0B4609D4-C912-4437-A628-7E3C1AD2FFB0}.Release|Any CPU.ActiveCfg = Release|Any CPU
		{0B4609D4-C912-4437-A628-7E3C1AD2FFB0}.Release|Any CPU.Build.0 = Release|Any CPU
		{9079A507-2CA6-45B4-AE68-1F5F4BC1261B}.Debug|Any CPU.ActiveCfg = Debug|Any CPU
		{9079A507-2CA6-45B4-AE68-1F5F4BC1261B}.Debug|Any CPU.Build.0 = Debug|Any CPU
		{9079A507-2CA6-45B4-AE68-1F5F4BC1261B}.Release|Any CPU.ActiveCfg = Release|Any CPU
		{9079A507-2CA6-45B4-AE68-1F5F4BC1261B}.Release|Any CPU.Build.0 = Release|Any CPU
	EndGlobalSection
	GlobalSection(SolutionProperties) = preSolution
		HideSolutionNode = FALSE
	EndGlobalSection
	GlobalSection(NestedProjects) = preSolution
		{3F7DA0DE-4653-4E0B-BB7C-C4ADCF5EF654} = {37F7B39F-1549-4978-B434-9DA89287CBC5}
		{1FF7520A-0638-442C-95AE-B2080FCD28BC} = {37F7B39F-1549-4978-B434-9DA89287CBC5}
		{0B4609D4-C912-4437-A628-7E3C1AD2FFB0} = {37F7B39F-1549-4978-B434-9DA89287CBC5}
		{9079A507-2CA6-45B4-AE68-1F5F4BC1261B} = {6FE2F173-CDA8-4E63-837A-676B992C7B69}
	EndGlobalSection
	GlobalSection(ExtensibilityGlobals) = postSolution
		SolutionGuid = {FBF915C4-656D-4876-BD08-01CDE9E15381}
	EndGlobalSection
EndGlobal
